
Microsoft Visual Studio Solution File, Format Version 12.00
# Visual Studio Version 17
VisualStudioVersion = 17.11.35303.130
MinimumVisualStudioVersion = 10.0.40219.1
Project("{FAE04EC0-301F-11D3-BF4B-00C04F79EFBC}") = "20240925", "20240925\20240925.csproj", "{30B7F079-128D-44BC-B63C-1F1285F6EF22}"
EndProject
Global
	GlobalSection(SolutionConfigurationPlatforms) = preSolution
		Debug|Any CPU = Debug|Any CPU
		Release|Any CPU = Release|Any CPU
	EndGlobalSection
	GlobalSection(ProjectConfigurationPlatforms) = postSolution
		{30B7F079-128D-44BC-B63C-1F1285F6EF22}.Debug|Any CPU.ActiveCfg = Debug|Any CPU
		{30B7F079-128D-44BC-B63C-1F1285F6EF22}.Debug|Any CPU.Build.0 = Debug|Any CPU
		{30B7F079-128D-44BC-B63C-1F1285F6EF22}.Release|Any CPU.ActiveCfg = Release|Any CPU
		{30B7F079-128D-44BC-B63C-1F1285F6EF22}.Release|Any CPU.Build.0 = Release|Any CPU
	EndGlobalSection
	GlobalSection(SolutionProperties) = preSolution
		HideSolutionNode = FALSE
	EndGlobalSection
	GlobalSection(ExtensibilityGlobals) = postSolution
		SolutionGuid = {F60F0A80-FEFE-4DCB-9067-4B1A4CD74DD2}
	EndGlobalSection
EndGlobal
